
Microsoft Visual Studio Solution File, Format Version 12.00
# Visual Studio Version 16
VisualStudioVersion = 16.0.33027.164
MinimumVisualStudioVersion = 10.0.40219.1
Project("{FAE04EC0-301F-11D3-BF4B-00C04F79EFBC}") = "Game-Learn-Js", "Game-Learn-Js.csproj", "{B1277401-79F1-4ABE-B087-62A17EEA9F54}"
EndProject
Global
	GlobalSection(SolutionConfigurationPlatforms) = preSolution
		Debug|Any CPU = Debug|Any CPU
		Release|Any CPU = Release|Any CPU
	EndGlobalSection
	GlobalSection(ProjectConfigurationPlatforms) = postSolution
		{B1277401-79F1-4ABE-B087-62A17EEA9F54}.Debug|Any CPU.ActiveCfg = Debug|Any CPU
		{B1277401-79F1-4ABE-B087-62A17EEA9F54}.Debug|Any CPU.Build.0 = Debug|Any CPU
		{B1277401-79F1-4ABE-B087-62A17EEA9F54}.Release|Any CPU.ActiveCfg = Release|Any CPU
		{B1277401-79F1-4ABE-B087-62A17EEA9F54}.Release|Any CPU.Build.0 = Release|Any CPU
	EndGlobalSection
	GlobalSection(SolutionProperties) = preSolution
		HideSolutionNode = FALSE
	EndGlobalSection
	GlobalSection(ExtensibilityGlobals) = postSolution
		SolutionGuid = {07309F7C-C39D-4EB1-BCB6-F78689B49EFF}
	EndGlobalSection
EndGlobal
